
Microsoft Visual Studio Solution File, Format Version 12.00
# Visual Studio Version 16
VisualStudioVersion = 16.0.29209.62
MinimumVisualStudioVersion = 10.0.40219.1
Project("{FAE04EC0-301F-11D3-BF4B-00C04F79EFBC}") = "Project.Framework.4.7.2", "Project.Framework.4.7.2\Project.Framework.4.7.2.csproj", "{EFAA559B-6546-4AE1-AFA1-EE822A7B1D43}"
EndProject
Project("{FAE04EC0-301F-11D3-BF4B-00C04F79EFBC}") = "Project.Framework.4.8", "Project.Framework.4.8\Project.Framework.4.8.csproj", "{6AA0D650-E437-4809-8AD4-791AC2CC5287}"
EndProject
Project("{FAE04EC0-301F-11D3-BF4B-00C04F79EFBC}") = "Project.Framework.4.7.2.Wpf", "Project.Framework.4.7.2.Wpf\Project.Framework.4.7.2.Wpf.csproj", "{E166A310-12C4-4253-8458-66E064CEE121}"
EndProject
Project("{9A19103F-16F7-4668-BE54-9A1E7A4F7556}") = "Project.NetStandard.2.0", "Project.NetStandard.2.0\Project.NetStandard.2.0.csproj", "{392BF1E8-90A4-4F1D-A323-69476D8C1F01}"
EndProject
Project("{FAE04EC0-301F-11D3-BF4B-00C04F79EFBC}") = "Project.Framework.4.7.1", "Project.Framework.4.7.1\Project.Framework.4.7.1.csproj", "{DAD20653-FCE1-4880-BA02-D5FE472920AB}"
EndProject
Project("{2150E333-8FDC-42A3-9474-1A3956D46DE8}") = "Solution Items", "Solution Items", "{A84F3008-045B-4EC1-AE78-196DAF86FA51}"
	ProjectSection(SolutionItems) = preProject
		Anori Soft Key.pfx = Anori Soft Key.pfx
	EndProjectSection
EndProject
Global
	GlobalSection(SolutionConfigurationPlatforms) = preSolution
		Debug|Any CPU = Debug|Any CPU
		Release|Any CPU = Release|Any CPU
	EndGlobalSection
	GlobalSection(ProjectConfigurationPlatforms) = postSolution
		{EFAA559B-6546-4AE1-AFA1-EE822A7B1D43}.Debug|Any CPU.ActiveCfg = Debug|Any CPU
		{EFAA559B-6546-4AE1-AFA1-EE822A7B1D43}.Debug|Any CPU.Build.0 = Debug|Any CPU
		{EFAA559B-6546-4AE1-AFA1-EE822A7B1D43}.Release|Any CPU.ActiveCfg = Release|Any CPU
		{EFAA559B-6546-4AE1-AFA1-EE822A7B1D43}.Release|Any CPU.Build.0 = Release|Any CPU
		{6AA0D650-E437-4809-8AD4-791AC2CC5287}.Debug|Any CPU.ActiveCfg = Debug|Any CPU
		{6AA0D650-E437-4809-8AD4-791AC2CC5287}.Debug|Any CPU.Build.0 = Debug|Any CPU
		{6AA0D650-E437-4809-8AD4-791AC2CC5287}.Release|Any CPU.ActiveCfg = Release|Any CPU
		{6AA0D650-E437-4809-8AD4-791AC2CC5287}.Release|Any CPU.Build.0 = Release|Any CPU
		{E166A310-12C4-4253-8458-66E064CEE121}.Debug|Any CPU.ActiveCfg = Debug|Any CPU
		{E166A310-12C4-4253-8458-66E064CEE121}.Debug|Any CPU.Build.0 = Debug|Any CPU
		{E166A310-12C4-4253-8458-66E064CEE121}.Release|Any CPU.ActiveCfg = Release|Any CPU
		{E166A310-12C4-4253-8458-66E064CEE121}.Release|Any CPU.Build.0 = Release|Any CPU
		{392BF1E8-90A4-4F1D-A323-69476D8C1F01}.Debug|Any CPU.ActiveCfg = Debug|Any CPU
		{392BF1E8-90A4-4F1D-A323-69476D8C1F01}.Debug|Any CPU.Build.0 = Debug|Any CPU
		{392BF1E8-90A4-4F1D-A323-69476D8C1F01}.Release|Any CPU.ActiveCfg = Release|Any CPU
		{392BF1E8-90A4-4F1D-A323-69476D8C1F01}.Release|Any CPU.Build.0 = Release|Any CPU
		{DAD20653-FCE1-4880-BA02-D5FE472920AB}.Debug|Any CPU.ActiveCfg = Debug|Any CPU
		{DAD20653-FCE1-4880-BA02-D5FE472920AB}.Debug|Any CPU.Build.0 = Debug|Any CPU
		{DAD20653-FCE1-4880-BA02-D5FE472920AB}.Release|Any CPU.ActiveCfg = Release|Any CPU
		{DAD20653-FCE1-4880-BA02-D5FE472920AB}.Release|Any CPU.Build.0 = Release|Any CPU
	EndGlobalSection
	GlobalSection(SolutionProperties) = preSolution
		HideSolutionNode = FALSE
	EndGlobalSection
	GlobalSection(ExtensibilityGlobals) = postSolution
		SolutionGuid = {AFE300CE-D187-483F-96D7-2F107714FAF9}
	EndGlobalSection
EndGlobal
